
Microsoft Visual Studio Solution File, Format Version 12.00
# Visual Studio 2015
Project("{FAE04EC0-301F-11D3-BF4B-00C04F79EFBC}") = "Walmart Apocalypse.CSharp.Plugins", "Walmart Apocalypse.CSharp.Plugins.csproj", "{D34E913A-FEA1-8D72-842D-60CC9A1E7673}"
EndProject
Project("{FAE04EC0-301F-11D3-BF4B-00C04F79EFBC}") = "Walmart Apocalypse.CSharp", "Walmart Apocalypse.CSharp.csproj", "{DC920D38-4D31-97DD-D6BA-4FF7DF765433}"
EndProject
Project("{FAE04EC0-301F-11D3-BF4B-00C04F79EFBC}") = "Walmart Apocalypse.CSharp.Editor", "Walmart Apocalypse.CSharp.Editor.csproj", "{B6AAFA9F-D3FB-FF0B-2014-A5844AC9A425}"
EndProject
Global
	GlobalSection(SolutionConfigurationPlatforms) = preSolution
		Debug|Any CPU = Debug|Any CPU
		Release|Any CPU = Release|Any CPU
	EndGlobalSection
	GlobalSection(ProjectConfigurationPlatforms) = postSolution
		{D34E913A-FEA1-8D72-842D-60CC9A1E7673}.Debug|Any CPU.ActiveCfg = Debug|Any CPU
		{D34E913A-FEA1-8D72-842D-60CC9A1E7673}.Debug|Any CPU.Build.0 = Debug|Any CPU
		{D34E913A-FEA1-8D72-842D-60CC9A1E7673}.Release|Any CPU.ActiveCfg = Release|Any CPU
		{D34E913A-FEA1-8D72-842D-60CC9A1E7673}.Release|Any CPU.Build.0 = Release|Any CPU
		{DC920D38-4D31-97DD-D6BA-4FF7DF765433}.Debug|Any CPU.ActiveCfg = Debug|Any CPU
		{DC920D38-4D31-97DD-D6BA-4FF7DF765433}.Debug|Any CPU.Build.0 = Debug|Any CPU
		{DC920D38-4D31-97DD-D6BA-4FF7DF765433}.Release|Any CPU.ActiveCfg = Release|Any CPU
		{DC920D38-4D31-97DD-D6BA-4FF7DF765433}.Release|Any CPU.Build.0 = Release|Any CPU
		{B6AAFA9F-D3FB-FF0B-2014-A5844AC9A425}.Debug|Any CPU.ActiveCfg = Debug|Any CPU
		{B6AAFA9F-D3FB-FF0B-2014-A5844AC9A425}.Debug|Any CPU.Build.0 = Debug|Any CPU
		{B6AAFA9F-D3FB-FF0B-2014-A5844AC9A425}.Release|Any CPU.ActiveCfg = Release|Any CPU
		{B6AAFA9F-D3FB-FF0B-2014-A5844AC9A425}.Release|Any CPU.Build.0 = Release|Any CPU
	EndGlobalSection
	GlobalSection(SolutionProperties) = preSolution
		HideSolutionNode = FALSE
	EndGlobalSection
EndGlobal
